// !$*UTF8*$!
{
	archiveVersion = 1;
	classes = {
	};
	objectVersion = 77;
	objects = {

/* Begin PBXContainerItemProxy section */
		668FC0672E4EB40400BA6F32 /* PBXContainerItemProxy */ = {
			isa = PBXContainerItemProxy;
			containerPortal = 668FC04D2E4EB40300BA6F32 /* Project object */;
			proxyType = 1;
			remoteGlobalIDString = 668FC0542E4EB40300BA6F32;
			remoteInfo = MyPrayer;
		};
		668FC0712E4EB40400BA6F32 /* PBXContainerItemProxy */ = {
			isa = PBXContainerItemProxy;
			containerPortal = 668FC04D2E4EB40300BA6F32 /* Project object */;
			proxyType = 1;
			remoteGlobalIDString = 668FC0542E4EB40300BA6F32;
			remoteInfo = MyPrayer;
		};
/* End PBXContainerItemProxy section */

/* Begin PBXFileReference section */
		668FC0552E4EB40300BA6F32 /* MyPrayer.app */ = {isa = PBXFileReference; explicitFileType = wrapper.application; includeInIndex = 0; path = MyPrayer.app; sourceTree = BUILT_PRODUCTS_DIR; };
		668FC0662E4EB40400BA6F32 /* MyPrayerTests.xctest */ = {isa = PBXFileReference; explicitFileType = wrapper.cfbundle; includeInIndex = 0; path = MyPrayerTests.xctest; sourceTree = BUILT_PRODUCTS_DIR; };
		668FC0702E4EB40400BA6F32 /* MyPrayerUITests.xctest */ = {isa = PBXFileReference; explicitFileType = wrapper.cfbundle; includeInIndex = 0; path = MyPrayerUITests.xctest; sourceTree = BUILT_PRODUCTS_DIR; };
/* End PBXFileReference section */

/* Begin PBXFileSystemSynchronizedBuildFileExceptionSet section */
		668FC0782E4EB40400BA6F32 /* Exceptions for "MyPrayer" folder in "MyPrayer" target */ = {
			isa = PBXFileSystemSynchronizedBuildFileExceptionSet;
			membershipExceptions = (
				Info.plist,
			);
			target = 668FC0542E4EB40300BA6F32 /* MyPrayer */;
		};
/* End PBXFileSystemSynchronizedBuildFileExceptionSet section */

/* Begin PBXFileSystemSynchronizedRootGroup section */
		668FC0572E4EB40300BA6F32 /* MyPrayer */ = {
			isa = PBXFileSystemSynchronizedRootGroup;
			exceptions = (
				668FC0782E4EB40400BA6F32 /* Exceptions for "MyPrayer" folder in "MyPrayer" target */,
			);
			path = MyPrayer;
			sourceTree = "<group>";
		};
		668FC0692E4EB40400BA6F32 /* MyPrayerTests */ = {
			isa = PBXFileSystemSynchronizedRootGroup;
			path = MyPrayerTests;
			sourceTree = "<group>";
		};
		668FC0732E4EB40400BA6F32 /* MyPrayerUITests */ = {
			isa = PBXFileSystemSynchronizedRootGroup;
			path = MyPrayerUITests;
			sourceTree = "<group>";
		};
/* End PBXFileSystemSynchronizedRootGroup section */

/* Begin PBXFrameworksBuildPhase section */
		668FC0522E4EB40300BA6F32 /* Frameworks */ = {
			isa = PBXFrameworksBuildPhase;
			buildActionMask = 2147483647;
			files = (
			);
			runOnlyForDeploymentPostprocessing = 0;
		};
		668FC0632E4EB40400BA6F32 /* Frameworks */ = {
			isa = PBXFrameworksBuildPhase;
			buildActionMask = 2147483647;
			files = (
			);
			runOnlyForDeploymentPostprocessing = 0;
		};
		668FC06D2E4EB40400BA6F32 /* Frameworks */ = {
			isa = PBXFrameworksBuildPhase;
			buildActionMask = 2147483647;
			files = (
			);
			runOnlyForDeploymentPostprocessing = 0;
		};
/* End PBXFrameworksBuildPhase section */

/* Begin PBXGroup section */
		668FC04C2E4EB40300BA6F32 = {
			isa = PBXGroup;
			children = (
				668FC0572E4EB40300BA6F32 /* MyPrayer */,
				668FC0692E4EB40400BA6F32 /* MyPrayerTests */,
				668FC0732E4EB40400BA6F32 /* MyPrayerUITests */,
				668FC0562E4EB40300BA6F32 /* Products */,
			);
			sourceTree = "<group>";
		};
		668FC0562E4EB40300BA6F32 /* Products */ = {
			isa = PBXGroup;
			children = (
				668FC0552E4EB40300BA6F32 /* MyPrayer.app */,
				668FC0662E4EB40400BA6F32 /* MyPrayerTests.xctest */,
				668FC0702E4EB40400BA6F32 /* MyPrayerUITests.xctest */,
			);
			name = Products;
			sourceTree = "<group>";
		};
/* End PBXGroup section */

/* Begin PBXNativeTarget section */
		668FC0542E4EB40300BA6F32 /* MyPrayer */ = {
			isa = PBXNativeTarget;
			buildConfigurationList = 668FC0792E4EB40400BA6F32 /* Build configuration list for PBXNativeTarget "MyPrayer" */;
			buildPhases = (
				668FC0512E4EB40300BA6F32 /* Sources */,
				668FC0522E4EB40300BA6F32 /* Frameworks */,
				668FC0532E4EB40300BA6F32 /* Resources */,
			);
			buildRules = (
			);
			dependencies = (
			);
			fileSystemSynchronizedGroups = (
				668FC0572E4EB40300BA6F32 /* MyPrayer */,
			);
			name = MyPrayer;
			packageProductDependencies = (
			);
			productName = MyPrayer;
			productReference = 668FC0552E4EB40300BA6F32 /* MyPrayer.app */;
			productType = "com.apple.product-type.application";
		};
		668FC0652E4EB40400BA6F32 /* MyPrayerTests */ = {
			isa = PBXNativeTarget;
			buildConfigurationList = 668FC07E2E4EB40400BA6F32 /* Build configuration list for PBXNativeTarget "MyPrayerTests" */;
			buildPhases = (
				668FC0622E4EB40400BA6F32 /* Sources */,
				668FC0632E4EB40400BA6F32 /* Frameworks */,
				668FC0642E4EB40400BA6F32 /* Resources */,
			);
			buildRules = (
			);
			dependencies = (
				668FC0682E4EB40400BA6F32 /* PBXTargetDependency */,
			);
			fileSystemSynchronizedGroups = (
				668FC0692E4EB40400BA6F32 /* MyPrayerTests */,
			);
			name = MyPrayerTests;
			packageProductDependencies = (
			);
			productName = MyPrayerTests;
			productReference = 668FC0662E4EB40400BA6F32 /* MyPrayerTests.xctest */;
			productType = "com.apple.product-type.bundle.unit-test";
		};
		668FC06F2E4EB40400BA6F32 /* MyPrayerUITests */ = {
			isa = PBXNativeTarget;
			buildConfigurationList = 668FC0812E4EB40400BA6F32 /* Build configuration list for PBXNativeTarget "MyPrayerUITests" */;
			buildPhases = (
				668FC06C2E4EB40400BA6F32 /* Sources */,
				668FC06D2E4EB40400BA6F32 /* Frameworks */,
				668FC06E2E4EB40400BA6F32 /* Resources */,
			);
			buildRules = (
			);
			dependencies = (
				668FC0722E4EB40400BA6F32 /* PBXTargetDependency */,
			);
			fileSystemSynchronizedGroups = (
				668FC0732E4EB40400BA6F32 /* MyPrayerUITests */,
			);
			name = MyPrayerUITests;
			packageProductDependencies = (
			);
			productName = MyPrayerUITests;
			productReference = 668FC0702E4EB40400BA6F32 /* MyPrayerUITests.xctest */;
			productType = "com.apple.product-type.bundle.ui-testing";
		};
/* End PBXNativeTarget section */

/* Begin PBXProject section */
		668FC04D2E4EB40300BA6F32 /* Project object */ = {
			isa = PBXProject;
			attributes = {
				BuildIndependentTargetsInParallel = 1;
				LastSwiftUpdateCheck = 1640;
				LastUpgradeCheck = 1640;
				TargetAttributes = {
					668FC0542E4EB40300BA6F32 = {
						CreatedOnToolsVersion = 16.4;
					};
					668FC0652E4EB40400BA6F32 = {
						CreatedOnToolsVersion = 16.4;
						TestTargetID = 668FC0542E4EB40300BA6F32;
					};
					668FC06F2E4EB40400BA6F32 = {
						CreatedOnToolsVersion = 16.4;
						TestTargetID = 668FC0542E4EB40300BA6F32;
					};
				};
			};
			buildConfigurationList = 668FC0502E4EB40300BA6F32 /* Build configuration list for PBXProject "MyPrayer" */;
			developmentRegion = en;
			hasScannedForEncodings = 0;
			knownRegions = (
				en,
				Base,
			);
			mainGroup = 668FC04C2E4EB40300BA6F32;
			minimizedProjectReferenceProxies = 1;
			preferredProjectObjectVersion = 77;
			productRefGroup = 668FC0562E4EB40300BA6F32 /* Products */;
			projectDirPath = "";
			projectRoot = "";
			targets = (
				668FC0542E4EB40300BA6F32 /* MyPrayer */,
				668FC0652E4EB40400BA6F32 /* MyPrayerTests */,
				668FC06F2E4EB40400BA6F32 /* MyPrayerUITests */,
			);
		};
/* End PBXProject section */

/* Begin PBXResourcesBuildPhase section */
		668FC0532E4EB40300BA6F32 /* Resources */ = {
			isa = PBXResourcesBuildPhase;
			buildActionMask = 2147483647;
			files = (
			);
			runOnlyForDeploymentPostprocessing = 0;
		};
		668FC0642E4EB40400BA6F32 /* Resources */ = {
			isa = PBXResourcesBuildPhase;
			buildActionMask = 2147483647;
			files = (
			);
			runOnlyForDeploymentPostprocessing = 0;
		};
		668FC06E2E4EB40400BA6F32 /* Resources */ = {
			isa = PBXResourcesBuildPhase;
			buildActionMask = 2147483647;
			files = (
			);
			runOnlyForDeploymentPostprocessing = 0;
		};
/* End PBXResourcesBuildPhase section */

/* Begin PBXSourcesBuildPhase section */
		668FC0512E4EB40300BA6F32 /* Sources */ = {
			isa = PBXSourcesBuildPhase;
			buildActionMask = 2147483647;
			files = (
			);
			runOnlyForDeploymentPostprocessing = 0;
		};
		668FC0622E4EB40400BA6F32 /* Sources */ = {
			isa = PBXSourcesBuildPhase;
			buildActionMask = 2147483647;
			files = (
			);
			runOnlyForDeploymentPostprocessing = 0;
		};
		668FC06C2E4EB40400BA6F32 /* Sources */ = {
			isa = PBXSourcesBuildPhase;
			buildActionMask = 2147483647;
			files = (
			);
			runOnlyForDeploymentPostprocessing = 0;
		};
/* End PBXSourcesBuildPhase section */

/* Begin PBXTargetDependency section */
		668FC0682E4EB40400BA6F32 /* PBXTargetDependency */ = {
			isa = PBXTargetDependency;
			target = 668FC0542E4EB40300BA6F32 /* MyPrayer */;
			targetProxy = 668FC0672E4EB40400BA6F32 /* PBXContainerItemProxy */;
		};
		668FC0722E4EB40400BA6F32 /* PBXTargetDependency */ = {
			isa = PBXTargetDependency;
			target = 668FC0542E4EB40300BA6F32 /* MyPrayer */;
			targetProxy = 668FC0712E4EB40400BA6F32 /* PBXContainerItemProxy */;
		};
/* End PBXTargetDependency section */

/* Begin XCBuildConfiguration section */
		668FC07A2E4EB40400BA6F32 /* Debug */ = {
			isa = XCBuildConfiguration;
			buildSettings = {
				ASSETCATALOG_COMPILER_APPICON_NAME = AppIcon;
				ASSETCATALOG_COMPILER_GLOBAL_ACCENT_COLOR_NAME = AccentColor;
				CODE_SIGN_ENTITLEMENTS = MyPrayer/MyPrayer.entitlements;
				CODE_SIGN_IDENTITY = "Apple Development";
				CODE_SIGN_STYLE = Automatic;
				CURRENT_PROJECT_VERSION = 1;
				DEVELOPMENT_TEAM = FPW8BP8XY6;
				ENABLE_PREVIEWS = YES;
				GENERATE_INFOPLIST_FILE = YES;
				INFOPLIST_FILE = MyPrayer/Info.plist;
				INFOPLIST_KEY_UIApplicationSceneManifest_Generation = YES;
				INFOPLIST_KEY_UIApplicationSupportsIndirectInputEvents = YES;
				INFOPLIST_KEY_UILaunchScreen_Generation = YES;
				INFOPLIST_KEY_UISupportedInterfaceOrientations_iPad = "UIInterfaceOrientationPortrait UIInterfaceOrientationPortraitUpsideDown UIInterfaceOrientationLandscapeLeft UIInterfaceOrientationLandscapeRight";
				INFOPLIST_KEY_UISupportedInterfaceOrientations_iPhone = "UIInterfaceOrientationPortrait UIInterfaceOrientationLandscapeLeft UIInterfaceOrientationLandscapeRight";
				LD_RUNPATH_SEARCH_PATHS = (
					"$(inherited)",
					"@executable_path/Frameworks",
				);
				MARKETING_VERSION = 1.0;
				PRODUCT_BUNDLE_IDENTIFIER = com.GuiApps.MyPrayer;
				PRODUCT_NAME = "$(TARGET_NAME)";
				PROVISIONING_PROFILE_SPECIFIER = "";
				SWIFT_EMIT_LOC_STRINGS = YES;
				SWIFT_VERSION = 5.0;
				TARGETED_DEVICE_FAMILY = "1,2";
			};
			name = Debug;
		};
		668FC07B2E4EB40400BA6F32 /* Release */ = {
			isa = XCBuildConfiguration;
			buildSettings = {
				ASSETCATALOG_COMPILER_APPICON_NAME = AppIcon;
				ASSETCATALOG_COMPILER_GLOBAL_ACCENT_COLOR_NAME = AccentColor;
				CODE_SIGN_ENTITLEMENTS = MyPrayer/MyPrayer.entitlements;
				CODE_SIGN_IDENTITY = "Apple Development";
				CODE_SIGN_STYLE = Automatic;
				CURRENT_PROJECT_VERSION = 1;
				DEVELOPMENT_TEAM = FPW8BP8XY6;
				ENABLE_PREVIEWS = YES;
				GENERATE_INFOPLIST_FILE = YES;
				INFOPLIST_FILE = MyPrayer/Info.plist;
				INFOPLIST_KEY_UIApplicationSceneManifest_Generation = YES;
				INFOPLIST_KEY_UIApplicationSupportsIndirectInputEvents = YES;
				INFOPLIST_KEY_UILaunchScreen_Generation = YES;
				INFOPLIST_KEY_UISupportedInterfaceOrientations_iPad = "UIInterfaceOrientationPortrait UIInterfaceOrientationPortraitUpsideDown UIInterfaceOrientationLandscapeLeft UIInterfaceOrientationLandscapeRight";
				INFOPLIST_KEY_UISupportedInterfaceOrientations_iPhone = "UIInterfaceOrientationPortrait UIInterfaceOrientationLandscapeLeft UIInterfaceOrientationLandscapeRight";
				LD_RUNPATH_SEARCH_PATHS = (
					"$(inherited)",
					"@executable_path/Frameworks",
				);
				MARKETING_VERSION = 1.0;
				PRODUCT_BUNDLE_IDENTIFIER = com.GuiApps.MyPrayer;
				PRODUCT_NAME = "$(TARGET_NAME)";
				PROVISIONING_PROFILE_SPECIFIER = "";
				SWIFT_EMIT_LOC_STRINGS = YES;
				SWIFT_VERSION = 5.0;
				TARGETED_DEVICE_FAMILY = "1,2";
			};
			name = Release;
		};
		668FC07C2E4EB40400BA6F32 /* Debug */ = {
			isa = XCBuildConfiguration;
			buildSettings = {
				ALWAYS_SEARCH_USER_PATHS = NO;
				ASSETCATALOG_COMPILER_GENERATE_SWIFT_ASSET_SYMBOL_EXTENSIONS = YES;
				CLANG_ANALYZER_NONNULL = YES;
				CLANG_ANALYZER_NUMBER_OBJECT_CONVERSION = YES_AGGRESSIVE;
				CLANG_CXX_LANGUAGE_STANDARD = "gnu++20";
				CLANG_ENABLE_MODULES = YES;
				CLANG_ENABLE_OBJC_ARC = YES;
				CLANG_ENABLE_OBJC_WEAK = YES;
				CLANG_WARN_BLOCK_CAPTURE_AUTORELEASING = YES;
				CLANG_WARN_BOOL_CONVERSION = YES;
				CLANG_WARN_COMMA = YES;
				CLANG_WARN_CONSTANT_CONVERSION = YES;
				CLANG_WARN_DEPRECATED_OBJC_IMPLEMENTATIONS = YES;
				CLANG_WARN_DIRECT_OBJC_ISA_USAGE = YES_ERROR;
				CLANG_WARN_DOCUMENTATION_COMMENTS = YES;
				CLANG_WARN_EMPTY_BODY = YES;
				CLANG_WARN_ENUM_CONVERSION = YES;
				CLANG_WARN_INFINITE_RECURSION = YES;
				CLANG_WARN_INT_CONVERSION = YES;
				CLANG_WARN_NON_LITERAL_NULL_CONVERSION = YES;
				CLANG_WARN_OBJC_IMPLICIT_RETAIN_SELF = YES;
				CLANG_WARN_OBJC_LITERAL_CONVERSION = YES;
				CLANG_WARN_OBJC_ROOT_CLASS = YES_ERROR;
				CLANG_WARN_QUOTED_INCLUDE_IN_FRAMEWORK_HEADER = YES;
				CLANG_WARN_RANGE_LOOP_ANALYSIS = YES;
				CLANG_WARN_STRICT_PROTOTYPES = YES;
				CLANG_WARN_SUSPICIOUS_MOVE = YES;
				CLANG_WARN_UNGUARDED_AVAILABILITY = YES_AGGRESSIVE;
				CLANG_WARN_UNREACHABLE_CODE = YES;
				CLANG_WARN__DUPLICATE_METHOD_MATCH = YES;
				COPY_PHASE_STRIP = NO;
				DEBUG_INFORMATION_FORMAT = dwarf;
				DEVELOPMENT_TEAM = FPW8BP8XY6;
				ENABLE_STRICT_OBJC_MSGSEND = YES;
				ENABLE_TESTABILITY = YES;
				ENABLE_USER_SCRIPT_SANDBOXING = YES;
				GCC_C_LANGUAGE_STANDARD = gnu17;
				GCC_DYNAMIC_NO_PIC = NO;
				GCC_NO_COMMON_BLOCKS = YES;
				GCC_OPTIMIZATION_LEVEL = 0;
				GCC_PREPROCESSOR_DEFINITIONS = (
					"DEBUG=1",
					"$(inherited)",
				);
				GCC_WARN_64_TO_32_BIT_CONVERSION = YES;
				GCC_WARN_ABOUT_RETURN_TYPE = YES_ERROR;
				GCC_WARN_UNDECLARED_SELECTOR = YES;
				GCC_WARN_UNINITIALIZED_AUTOS = YES_AGGRESSIVE;
				GCC_WARN_UNUSED_FUNCTION = YES;
				GCC_WARN_UNUSED_VARIABLE = YES;
				IPHONEOS_DEPLOYMENT_TARGET = 18.5;
				LOCALIZATION_PREFERS_STRING_CATALOGS = YES;
				MTL_ENABLE_DEBUG_INFO = INCLUDE_SOURCE;
				MTL_FAST_MATH = YES;
				ONLY_ACTIVE_ARCH = YES;
				SDKROOT = iphoneos;
				SWIFT_ACTIVE_COMPILATION_CONDITIONS = "DEBUG $(inherited)";
				SWIFT_OPTIMIZATION_LEVEL = "-Onone";
			};
			name = Debug;
		};
		668FC07D2E4EB40400BA6F32 /* Release */ = {
			isa = XCBuildConfiguration;
			buildSettings = {
				ALWAYS_SEARCH_USER_PATHS = NO;
				ASSETCATALOG_COMPILER_GENERATE_SWIFT_ASSET_SYMBOL_EXTENSIONS = YES;
				CLANG_ANALYZER_NONNULL = YES;
				CLANG_ANALYZER_NUMBER_OBJECT_CONVERSION = YES_AGGRESSIVE;
				CLANG_CXX_LANGUAGE_STANDARD = "gnu++20";
				CLANG_ENABLE_MODULES = YES;
				CLANG_ENABLE_OBJC_ARC = YES;
				CLANG_ENABLE_OBJC_WEAK = YES;
				CLANG_WARN_BLOCK_CAPTURE_AUTORELEASING = YES;
				CLANG_WARN_BOOL_CONVERSION = YES;
				CLANG_WARN_COMMA = YES;
				CLANG_WARN_CONSTANT_CONVERSION = YES;
				CLANG_WARN_DEPRECATED_OBJC_IMPLEMENTATIONS = YES;
				CLANG_WARN_DIRECT_OBJC_ISA_USAGE = YES_ERROR;
				CLANG_WARN_DOCUMENTATION_COMMENTS = YES;
				CLANG_WARN_EMPTY_BODY = YES;
				CLANG_WARN_ENUM_CONVERSION = YES;
				CLANG_WARN_INFINITE_RECURSION = YES;
				CLANG_WARN_INT_CONVERSION = YES;
				CLANG_WARN_NON_LITERAL_NULL_CONVERSION = YES;
				CLANG_WARN_OBJC_IMPLICIT_RETAIN_SELF = YES;
				CLANG_WARN_OBJC_LITERAL_CONVERSION = YES;
				CLANG_WARN_OBJC_ROOT_CLASS = YES_ERROR;
				CLANG_WARN_QUOTED_INCLUDE_IN_FRAMEWORK_HEADER = YES;
				CLANG_WARN_RANGE_LOOP_ANALYSIS = YES;
				CLANG_WARN_STRICT_PROTOTYPES = YES;
				CLANG_WARN_SUSPICIOUS_MOVE = YES;
				CLANG_WARN_UNGUARDED_AVAILABILITY = YES_AGGRESSIVE;
				CLANG_WARN_UNREACHABLE_CODE = YES;
				CLANG_WARN__DUPLICATE_METHOD_MATCH = YES;
				COPY_PHASE_STRIP = NO;
				DEBUG_INFORMATION_FORMAT = "dwarf-with-dsym";
				DEVELOPMENT_TEAM = FPW8BP8XY6;
				ENABLE_NS_ASSERTIONS = NO;
				ENABLE_STRICT_OBJC_MSGSEND = YES;
				ENABLE_USER_SCRIPT_SANDBOXING = YES;
				GCC_C_LANGUAGE_STANDARD = gnu17;
				GCC_NO_COMMON_BLOCKS = YES;
				GCC_WARN_64_TO_32_BIT_CONVERSION = YES;
				GCC_WARN_ABOUT_RETURN_TYPE = YES_ERROR;
				GCC_WARN_UNDECLARED_SELECTOR = YES;
				GCC_WARN_UNINITIALIZED_AUTOS = YES_AGGRESSIVE;
				GCC_WARN_UNUSED_FUNCTION = YES;
				GCC_WARN_UNUSED_VARIABLE = YES;
				IPHONEOS_DEPLOYMENT_TARGET = 18.5;
				LOCALIZATION_PREFERS_STRING_CATALOGS = YES;
				MTL_ENABLE_DEBUG_INFO = NO;
				MTL_FAST_MATH = YES;
				SDKROOT = iphoneos;
				SWIFT_COMPILATION_MODE = wholemodule;
				VALIDATE_PRODUCT = YES;
			};
			name = Release;
		};
		668FC07F2E4EB40400BA6F32 /* Debug */ = {
			isa = XCBuildConfiguration;
			buildSettings = {
				BUNDLE_LOADER = "$(TEST_HOST)";
				CODE_SIGN_STYLE = Automatic;
				CURRENT_PROJECT_VERSION = 1;
				DEVELOPMENT_TEAM = FPW8BP8XY6;
				GENERATE_INFOPLIST_FILE = YES;
				IPHONEOS_DEPLOYMENT_TARGET = 18.5;
				MARKETING_VERSION = 1.0;
				PRODUCT_BUNDLE_IDENTIFIER = GuiApps.MyPrayerTests;
				PRODUCT_NAME = "$(TARGET_NAME)";
				SWIFT_EMIT_LOC_STRINGS = NO;
				SWIFT_VERSION = 5.0;
				TARGETED_DEVICE_FAMILY = "1,2";
				TEST_HOST = "$(BUILT_PRODUCTS_DIR)/MyPrayer.app/$(BUNDLE_EXECUTABLE_FOLDER_PATH)/MyPrayer";
			};
			name = Debug;
		};
		668FC0802E4EB40400BA6F32 /* Release */ = {
			isa = XCBuildConfiguration;
			buildSettings = {
				BUNDLE_LOADER = "$(TEST_HOST)";
				CODE_SIGN_STYLE = Automatic;
				CURRENT_PROJECT_VERSION = 1;
				DEVELOPMENT_TEAM = FPW8BP8XY6;
				GENERATE_INFOPLIST_FILE = YES;
				IPHONEOS_DEPLOYMENT_TARGET = 18.5;
				MARKETING_VERSION = 1.0;
				PRODUCT_BUNDLE_IDENTIFIER = GuiApps.MyPrayerTests;
				PRODUCT_NAME = "$(TARGET_NAME)";
				SWIFT_EMIT_LOC_STRINGS = NO;
				SWIFT_VERSION = 5.0;
				TARGETED_DEVICE_FAMILY = "1,2";
				TEST_HOST = "$(BUILT_PRODUCTS_DIR)/MyPrayer.app/$(BUNDLE_EXECUTABLE_FOLDER_PATH)/MyPrayer";
			};
			name = Release;
		};
		668FC0822E4EB40400BA6F32 /* Debug */ = {
			isa = XCBuildConfiguration;
			buildSettings = {
				CODE_SIGN_STYLE = Automatic;
				CURRENT_PROJECT_VERSION = 1;
				DEVELOPMENT_TEAM = FPW8BP8XY6;
				GENERATE_INFOPLIST_FILE = YES;
				MARKETING_VERSION = 1.0;
				PRODUCT_BUNDLE_IDENTIFIER = GuiApps.MyPrayerUITests;
				PRODUCT_NAME = "$(TARGET_NAME)";
				SWIFT_EMIT_LOC_STRINGS = NO;
				SWIFT_VERSION = 5.0;
				TARGETED_DEVICE_FAMILY = "1,2";
				TEST_TARGET_NAME = MyPrayer;
			};
			name = Debug;
		};
		668FC0832E4EB40400BA6F32 /* Release */ = {
			isa = XCBuildConfiguration;
			buildSettings = {
				CODE_SIGN_STYLE = Automatic;
				CURRENT_PROJECT_VERSION = 1;
				DEVELOPMENT_TEAM = FPW8BP8XY6;
				GENERATE_INFOPLIST_FILE = YES;
				MARKETING_VERSION = 1.0;
				PRODUCT_BUNDLE_IDENTIFIER = GuiApps.MyPrayerUITests;
				PRODUCT_NAME = "$(TARGET_NAME)";
				SWIFT_EMIT_LOC_STRINGS = NO;
				SWIFT_VERSION = 5.0;
				TARGETED_DEVICE_FAMILY = "1,2";
				TEST_TARGET_NAME = MyPrayer;
			};
			name = Release;
		};
/* End XCBuildConfiguration section */

/* Begin XCConfigurationList section */
		668FC0502E4EB40300BA6F32 /* Build configuration list for PBXProject "MyPrayer" */ = {
			isa = XCConfigurationList;
			buildConfigurations = (
				668FC07C2E4EB40400BA6F32 /* Debug */,
				668FC07D2E4EB40400BA6F32 /* Release */,
			);
			defaultConfigurationIsVisible = 0;
			defaultConfigurationName = Release;
		};
		668FC0792E4EB40400BA6F32 /* Build configuration list for PBXNativeTarget "MyPrayer" */ = {
			isa = XCConfigurationList;
			buildConfigurations = (
				668FC07A2E4EB40400BA6F32 /* Debug */,
				668FC07B2E4EB40400BA6F32 /* Release */,
			);
			defaultConfigurationIsVisible = 0;
			defaultConfigurationName = Release;
		};
		668FC07E2E4EB40400BA6F32 /* Build configuration list for PBXNativeTarget "MyPrayerTests" */ = {
			isa = XCConfigurationList;
			buildConfigurations = (
				668FC07F2E4EB40400BA6F32 /* Debug */,
				668FC0802E4EB40400BA6F32 /* Release */,
			);
			defaultConfigurationIsVisible = 0;
			defaultConfigurationName = Release;
		};
		668FC0812E4EB40400BA6F32 /* Build configuration list for PBXNativeTarget "MyPrayerUITests" */ = {
			isa = XCConfigurationList;
			buildConfigurations = (
				668FC0822E4EB40400BA6F32 /* Debug */,
				668FC0832E4EB40400BA6F32 /* Release */,
			);
			defaultConfigurationIsVisible = 0;
			defaultConfigurationName = Release;
		};
/* End XCConfigurationList section */
	};
	rootObject = 668FC04D2E4EB40300BA6F32 /* Project object */;
}
